
Microsoft Visual Studio Solution File, Format Version 12.00
# Visual Studio Version 17
VisualStudioVersion = 17.14.37614.0 d17.14
MinimumVisualStudioVersion = 10.0.40219.1
Project("{FAE04EC0-301F-11D3-BF4B-00C04F79EFBC}") = "My Industrial Monitoring Platform", "My Industrial Monitoring Platform\My Industrial Monitoring Platform.csproj", "{AC1C6F99-DA1C-4E89-B5A7-DD8FA2E2F18B}"
EndProject
Global
	GlobalSection(SolutionConfigurationPlatforms) = preSolution
		Debug|Any CPU = Debug|Any CPU
		Release|Any CPU = Release|Any CPU
	EndGlobalSection
	GlobalSection(ProjectConfigurationPlatforms) = postSolution
		{AC1C6F99-DA1C-4E89-B5A7-DD8FA2E2F18B}.Debug|Any CPU.ActiveCfg = Debug|Any CPU
		{AC1C6F99-DA1C-4E89-B5A7-DD8FA2E2F18B}.Debug|Any CPU.Build.0 = Debug|Any CPU
		{AC1C6F99-DA1C-4E89-B5A7-DD8FA2E2F18B}.Release|Any CPU.ActiveCfg = Release|Any CPU
		{AC1C6F99-DA1C-4E89-B5A7-DD8FA2E2F18B}.Release|Any CPU.Build.0 = Release|Any CPU
	EndGlobalSection
	GlobalSection(SolutionProperties) = preSolution
		HideSolutionNode = FALSE
	EndGlobalSection
	GlobalSection(ExtensibilityGlobals) = postSolution
		SolutionGuid = {28CA3ECE-297D-4CE4-9227-9FD3500AE47E}
	EndGlobalSection
EndGlobal
